// !$*UTF8*$!
{
	archiveVersion = 1;
	classes = {
	};
	objectVersion = 48;
	objects = {

/* Begin PBXBuildFile section */
		0209CA4E1FD5880300DDC91A /* SwiftySKScrollView.swift in Sources */ = {isa = PBXBuildFile; fileRef = 0209CA4D1FD5880300DDC91A /* SwiftySKScrollView.swift */; };
		0222C1DE1FB09B7600CA8D29 /* LearnPage.swift in Sources */ = {isa = PBXBuildFile; fileRef = 0222C1DD1FB09B7600CA8D29 /* LearnPage.swift */; };
		022804EE1FBF19650087F8B3 /* LevelOne.sks in Resources */ = {isa = PBXBuildFile; fileRef = 022804ED1FBF19650087F8B3 /* LevelOne.sks */; };
		022804F01FBF19950087F8B3 /* LevelOne.swift in Sources */ = {isa = PBXBuildFile; fileRef = 022804EF1FBF19950087F8B3 /* LevelOne.swift */; };
		022881F6200E392D00BF055F /* StartLevelOneLessonOne.sks in Resources */ = {isa = PBXBuildFile; fileRef = 022881F5200E392D00BF055F /* StartLevelOneLessonOne.sks */; };
		022C69061F82650E0034833D /* AppDelegate.swift in Sources */ = {isa = PBXBuildFile; fileRef = 022C69051F82650E0034833D /* AppDelegate.swift */; };
		022C69081F82650E0034833D /* GameScene.sks in Resources */ = {isa = PBXBuildFile; fileRef = 022C69071F82650E0034833D /* GameScene.sks */; };
		022C690A1F82650E0034833D /* Actions.sks in Resources */ = {isa = PBXBuildFile; fileRef = 022C69091F82650E0034833D /* Actions.sks */; };
		022C690E1F82650E0034833D /* GameViewController.swift in Sources */ = {isa = PBXBuildFile; fileRef = 022C690D1F82650E0034833D /* GameViewController.swift */; };
		022C69111F82650E0034833D /* Main.storyboard in Resources */ = {isa = PBXBuildFile; fileRef = 022C690F1F82650E0034833D /* Main.storyboard */; };
		022C69131F82650E0034833D /* Assets.xcassets in Resources */ = {isa = PBXBuildFile; fileRef = 022C69121F82650E0034833D /* Assets.xcassets */; };
		022C69161F82650E0034833D /* LaunchScreen.storyboard in Resources */ = {isa = PBXBuildFile; fileRef = 022C69141F82650E0034833D /* LaunchScreen.storyboard */; };
		022C69211F82650E0034833D /* DigipetTests.swift in Sources */ = {isa = PBXBuildFile; fileRef = 022C69201F82650E0034833D /* DigipetTests.swift */; };
		022C692C1F82650E0034833D /* DigipetUITests.swift in Sources */ = {isa = PBXBuildFile; fileRef = 022C692B1F82650E0034833D /* DigipetUITests.swift */; };
		02359C902048376D00DA5BA4 /* Learn.swift in Sources */ = {isa = PBXBuildFile; fileRef = 02359C8F2048376D00DA5BA4 /* Learn.swift */; };
		02395D8B2024A1E900602AE9 /* PlayPage.swift in Sources */ = {isa = PBXBuildFile; fileRef = 02395D8A2024A1E900602AE9 /* PlayPage.swift */; };
		02395D8F2024A29C00602AE9 /* PlayPage.sks in Resources */ = {isa = PBXBuildFile; fileRef = 02395D8E2024A29C00602AE9 /* PlayPage.sks */; };
		02395D912024A46700602AE9 /* PlayLevelOne.swift in Sources */ = {isa = PBXBuildFile; fileRef = 02395D902024A46700602AE9 /* PlayLevelOne.swift */; };
		02395D932024A47800602AE9 /* PlayLevelOne.sks in Resources */ = {isa = PBXBuildFile; fileRef = 02395D922024A47800602AE9 /* PlayLevelOne.sks */; };
		0255950A20079E6E0008DB37 /* StartLevelOneLessonOne.swift in Sources */ = {isa = PBXBuildFile; fileRef = 0255950920079E6E0008DB37 /* StartLevelOneLessonOne.swift */; };
		0270E888205063250053C4CE /* LessonStart.swift in Sources */ = {isa = PBXBuildFile; fileRef = 0270E887205063250053C4CE /* LessonStart.swift */; };
		0272AD991FAB49A700706CDE /* Plumpfull.ttf in Resources */ = {isa = PBXBuildFile; fileRef = 0272AD981FAB49A700706CDE /* Plumpfull.ttf */; };
		0273EB5C204F3A4B00C94154 /* LessonTableViewController.swift in Sources */ = {isa = PBXBuildFile; fileRef = 0273EB5B204F3A4B00C94154 /* LessonTableViewController.swift */; };
		02867B4D2004F9870004B635 /* LessonStartBox.swift in Sources */ = {isa = PBXBuildFile; fileRef = 02867B4C2004F9870004B635 /* LessonStartBox.swift */; };
		028E89981FEBED7700D19441 /* LessonRow.swift in Sources */ = {isa = PBXBuildFile; fileRef = 028E89971FEBED7700D19441 /* LessonRow.swift */; };
		02A38A1E20691E9400EAD028 /* RZTransitionsNavigationController.m in Sources */ = {isa = PBXBuildFile; fileRef = 02A389EE20691E9400EAD028 /* RZTransitionsNavigationController.m */; };
		02A38A1F20691E9400EAD028 /* RZUniqueTransition.m in Sources */ = {isa = PBXBuildFile; fileRef = 02A389F220691E9400EAD028 /* RZUniqueTransition.m */; };
		02A38A2020691E9400EAD028 /* RZBaseSwipeInteractionController.m in Sources */ = {isa = PBXBuildFile; fileRef = 02A389F520691E9400EAD028 /* RZBaseSwipeInteractionController.m */; };
		02A38A2120691E9400EAD028 /* RZHorizontalInteractionController.m in Sources */ = {isa = PBXBuildFile; fileRef = 02A389F720691E9400EAD028 /* RZHorizontalInteractionController.m */; };
		02A38A2220691E9400EAD028 /* RZOverscrollInteractionController.m in Sources */ = {isa = PBXBuildFile; fileRef = 02A389F920691E9400EAD028 /* RZOverscrollInteractionController.m */; };
		02A38A2320691E9400EAD028 /* RZPinchInteractionController.m in Sources */ = {isa = PBXBuildFile; fileRef = 02A389FB20691E9400EAD028 /* RZPinchInteractionController.m */; };
		02A38A2420691E9400EAD028 /* RZVerticalSwipeInteractionController.m in Sources */ = {isa = PBXBuildFile; fileRef = 02A389FF20691E9400EAD028 /* RZVerticalSwipeInteractionController.m */; };
		02A38A2520691E9400EAD028 /* RZTransitionsManager.m in Sources */ = {isa = PBXBuildFile; fileRef = 02A38A0220691E9400EAD028 /* RZTransitionsManager.m */; };
		02A38A2620691E9400EAD028 /* RZCardSlideAnimationController.m in Sources */ = {isa = PBXBuildFile; fileRef = 02A38A0720691E9400EAD028 /* RZCardSlideAnimationController.m */; };
		02A38A2720691E9400EAD028 /* RZCirclePushAnimationController.m in Sources */ = {isa = PBXBuildFile; fileRef = 02A38A0920691E9400EAD028 /* RZCirclePushAnimationController.m */; };
		02A38A2820691E9400EAD028 /* RZRectZoomAnimationController.m in Sources */ = {isa = PBXBuildFile; fileRef = 02A38A0B20691E9400EAD028 /* RZRectZoomAnimationController.m */; };
		02A38A2920691E9400EAD028 /* RZSegmentControlMoveFadeAnimationController.m in Sources */ = {isa = PBXBuildFile; fileRef = 02A38A0D20691E9400EAD028 /* RZSegmentControlMoveFadeAnimationController.m */; };
		02A38A2A20691E9400EAD028 /* RZShrinkZoomAnimationController.m in Sources */ = {isa = PBXBuildFile; fileRef = 02A38A0F20691E9400EAD028 /* RZShrinkZoomAnimationController.m */; };
		02A38A2B20691E9400EAD028 /* RZZoomAlphaAnimationController.m in Sources */ = {isa = PBXBuildFile; fileRef = 02A38A1220691E9400EAD028 /* RZZoomAlphaAnimationController.m */; };
		02A38A2C20691E9400EAD028 /* RZZoomBlurAnimationController.m in Sources */ = {isa = PBXBuildFile; fileRef = 02A38A1420691E9400EAD028 /* RZZoomBlurAnimationController.m */; };
		02A38A2D20691E9400EAD028 /* RZZoomPushAnimationController.m in Sources */ = {isa = PBXBuildFile; fileRef = 02A38A1620691E9400EAD028 /* RZZoomPushAnimationController.m */; };
		02A38A2E20691E9400EAD028 /* NSObject+RZTransitionsViewHelpers.m in Sources */ = {isa = PBXBuildFile; fileRef = 02A38A1920691E9400EAD028 /* NSObject+RZTransitionsViewHelpers.m */; };
		02A38A2F20691E9400EAD028 /* UIImage+RZTransitionsFastImageBlur.m in Sources */ = {isa = PBXBuildFile; fileRef = 02A38A1B20691E9400EAD028 /* UIImage+RZTransitionsFastImageBlur.m */; };
		02A38A3020691E9400EAD028 /* UIImage+RZTransitionsSnapshotHelpers.m in Sources */ = {isa = PBXBuildFile; fileRef = 02A38A1D20691E9400EAD028 /* UIImage+RZTransitionsSnapshotHelpers.m */; };
		02A399EE204EC63500C386CC /* LessonTableViewCell.swift in Sources */ = {isa = PBXBuildFile; fileRef = 02A399ED204EC63500C386CC /* LessonTableViewCell.swift */; };
		02A399F0204ED26B00C386CC /* Lesson.swift in Sources */ = {isa = PBXBuildFile; fileRef = 02A399EF204ED26B00C386CC /* Lesson.swift */; };
		02B4A8F1204A3402002E2EE7 /* LevelVC.swift in Sources */ = {isa = PBXBuildFile; fileRef = 02B4A8F0204A3402002E2EE7 /* LevelVC.swift */; };
		02E805281F9E18D4003D1C73 /* GameScene.swift in Sources */ = {isa = PBXBuildFile; fileRef = 02E805271F9E18D4003D1C73 /* GameScene.swift */; };
		02E8052D1F9F69D4003D1C73 /* LearnPage.sks in Resources */ = {isa = PBXBuildFile; fileRef = 02E8052C1F9F69D4003D1C73 /* LearnPage.sks */; };
		02E8052F1F9F69E9003D1C73 /* SettingsPage.sks in Resources */ = {isa = PBXBuildFile; fileRef = 02E8052E1F9F69E9003D1C73 /* SettingsPage.sks */; };
		02F3CE9F201B6B0A008A7FA6 /* LessonInfoBox.swift in Sources */ = {isa = PBXBuildFile; fileRef = 02F3CE9E201B6B0A008A7FA6 /* LessonInfoBox.swift */; };
		6AC890462028B63500BEB0A5 /* MainScreen.swift in Sources */ = {isa = PBXBuildFile; fileRef = 6AC890452028B63500BEB0A5 /* MainScreen.swift */; };
		6ADF10C920293A0500B34B6B /* VoiceRecognition.swift in Sources */ = {isa = PBXBuildFile; fileRef = 6ADF10C820293A0500B34B6B /* VoiceRecognition.swift */; };
		7E090C441FBF21CA001B0D1C /* L1LessonOne.swift in Sources */ = {isa = PBXBuildFile; fileRef = 7E090C431FBF21CA001B0D1C /* L1LessonOne.swift */; };
		7E090C461FBF21D6001B0D1C /* L1LessonOne.sks in Resources */ = {isa = PBXBuildFile; fileRef = 7E090C451FBF21D6001B0D1C /* L1LessonOne.sks */; };
		7E6F7099201B6308002C9389 /* L1LessonTwo.sks in Resources */ = {isa = PBXBuildFile; fileRef = 7E6F7098201B6308002C9389 /* L1LessonTwo.sks */; };
		7E6F709B201B631A002C9389 /* L1LessonTwo.swift in Sources */ = {isa = PBXBuildFile; fileRef = 7E6F709A201B631A002C9389 /* L1LessonTwo.swift */; };
		7E922A8D205801D0004910BF /* NewL1LessonOne.swift in Sources */ = {isa = PBXBuildFile; fileRef = 7E922A8C205801D0004910BF /* NewL1LessonOne.swift */; };
/* End PBXBuildFile section */

/* Begin PBXContainerItemProxy section */
		022C691D1F82650E0034833D /* PBXContainerItemProxy */ = {
			isa = PBXContainerItemProxy;
			containerPortal = 022C68FA1F82650E0034833D /* Project object */;
			proxyType = 1;
			remoteGlobalIDString = 022C69011F82650E0034833D;
			remoteInfo = Digipet;
		};
		022C69281F82650E0034833D /* PBXContainerItemProxy */ = {
			isa = PBXContainerItemProxy;
			containerPortal = 022C68FA1F82650E0034833D /* Project object */;
			proxyType = 1;
			remoteGlobalIDString = 022C69011F82650E0034833D;
			remoteInfo = Digipet;
		};
/* End PBXContainerItemProxy section */

/* Begin PBXFileReference section */
		0209CA4D1FD5880300DDC91A /* SwiftySKScrollView.swift */ = {isa = PBXFileReference; lastKnownFileType = sourcecode.swift; path = SwiftySKScrollView.swift; sourceTree = "<group>"; };
		0222C1DD1FB09B7600CA8D29 /* LearnPage.swift */ = {isa = PBXFileReference; lastKnownFileType = sourcecode.swift; path = LearnPage.swift; sourceTree = "<group>"; };
		022804ED1FBF19650087F8B3 /* LevelOne.sks */ = {isa = PBXFileReference; lastKnownFileType = file.sks; path = LevelOne.sks; sourceTree = "<group>"; };
		022804EF1FBF19950087F8B3 /* LevelOne.swift */ = {isa = PBXFileReference; lastKnownFileType = sourcecode.swift; path = LevelOne.swift; sourceTree = "<group>"; };
		022881F5200E392D00BF055F /* StartLevelOneLessonOne.sks */ = {isa = PBXFileReference; lastKnownFileType = file.sks; path = StartLevelOneLessonOne.sks; sourceTree = "<group>"; };
		022C69021F82650E0034833D /* Digipet.app */ = {isa = PBXFileReference; explicitFileType = wrapper.application; includeInIndex = 0; path = Digipet.app; sourceTree = BUILT_PRODUCTS_DIR; };
		022C69051F82650E0034833D /* AppDelegate.swift */ = {isa = PBXFileReference; lastKnownFileType = sourcecode.swift; path = AppDelegate.swift; sourceTree = "<group>"; };
		022C69071F82650E0034833D /* GameScene.sks */ = {isa = PBXFileReference; lastKnownFileType = file.sks; path = GameScene.sks; sourceTree = "<group>"; };
		022C69091F82650E0034833D /* Actions.sks */ = {isa = PBXFileReference; lastKnownFileType = file.sks; path = Actions.sks; sourceTree = "<group>"; };
		022C690D1F82650E0034833D /* GameViewController.swift */ = {isa = PBXFileReference; lastKnownFileType = sourcecode.swift; path = GameViewController.swift; sourceTree = "<group>"; };
		022C69101F82650E0034833D /* Base */ = {isa = PBXFileReference; lastKnownFileType = file.storyboard; name = Base; path = Base.lproj/Main.storyboard; sourceTree = "<group>"; };
		022C69121F82650E0034833D /* Assets.xcassets */ = {isa = PBXFileReference; lastKnownFileType = folder.assetcatalog; path = Assets.xcassets; sourceTree = "<group>"; };
		022C69151F82650E0034833D /* Base */ = {isa = PBXFileReference; lastKnownFileType = file.storyboard; name = Base; path = Base.lproj/LaunchScreen.storyboard; sourceTree = "<group>"; };
		022C69171F82650E0034833D /* Info.plist */ = {isa = PBXFileReference; lastKnownFileType = text.plist.xml; path = Info.plist; sourceTree = "<group>"; };
		022C691C1F82650E0034833D /* DigipetTests.xctest */ = {isa = PBXFileReference; explicitFileType = wrapper.cfbundle; includeInIndex = 0; path = DigipetTests.xctest; sourceTree = BUILT_PRODUCTS_DIR; };
		022C69201F82650E0034833D /* DigipetTests.swift */ = {isa = PBXFileReference; lastKnownFileType = sourcecode.swift; path = DigipetTests.swift; sourceTree = "<group>"; };
		022C69221F82650E0034833D /* Info.plist */ = {isa = PBXFileReference; lastKnownFileType = text.plist.xml; path = Info.plist; sourceTree = "<group>"; };
		022C69271F82650E0034833D /* DigipetUITests.xctest */ = {isa = PBXFileReference; explicitFileType = wrapper.cfbundle; includeInIndex = 0; path = DigipetUITests.xctest; sourceTree = BUILT_PRODUCTS_DIR; };
		022C692B1F82650E0034833D /* DigipetUITests.swift */ = {isa = PBXFileReference; lastKnownFileType = sourcecode.swift; path = DigipetUITests.swift; sourceTree = "<group>"; };
		022C692D1F82650E0034833D /* Info.plist */ = {isa = PBXFileReference; lastKnownFileType = text.plist.xml; path = Info.plist; sourceTree = "<group>"; };
		02359C8F2048376D00DA5BA4 /* Learn.swift */ = {isa = PBXFileReference; lastKnownFileType = sourcecode.swift; name = Learn.swift; path = Digipet/Learn.swift; sourceTree = SOURCE_ROOT; };
		02395D8A2024A1E900602AE9 /* PlayPage.swift */ = {isa = PBXFileReference; lastKnownFileType = sourcecode.swift; path = PlayPage.swift; sourceTree = "<group>"; };
		02395D8E2024A29C00602AE9 /* PlayPage.sks */ = {isa = PBXFileReference; lastKnownFileType = file.sks; path = PlayPage.sks; sourceTree = "<group>"; };
		02395D902024A46700602AE9 /* PlayLevelOne.swift */ = {isa = PBXFileReference; lastKnownFileType = sourcecode.swift; path = PlayLevelOne.swift; sourceTree = "<group>"; };
		02395D922024A47800602AE9 /* PlayLevelOne.sks */ = {isa = PBXFileReference; lastKnownFileType = file.sks; path = PlayLevelOne.sks; sourceTree = "<group>"; };
		0255950920079E6E0008DB37 /* StartLevelOneLessonOne.swift */ = {isa = PBXFileReference; lastKnownFileType = sourcecode.swift; path = StartLevelOneLessonOne.swift; sourceTree = "<group>"; };
		0270E887205063250053C4CE /* LessonStart.swift */ = {isa = PBXFileReference; lastKnownFileType = sourcecode.swift; path = LessonStart.swift; sourceTree = "<group>"; };
		0272AD981FAB49A700706CDE /* Plumpfull.ttf */ = {isa = PBXFileReference; lastKnownFileType = file; path = Plumpfull.ttf; sourceTree = "<group>"; };
		0273EB5B204F3A4B00C94154 /* LessonTableViewController.swift */ = {isa = PBXFileReference; lastKnownFileType = sourcecode.swift; path = LessonTableViewController.swift; sourceTree = "<group>"; };
		02867B4C2004F9870004B635 /* LessonStartBox.swift */ = {isa = PBXFileReference; lastKnownFileType = sourcecode.swift; path = LessonStartBox.swift; sourceTree = "<group>"; };
		028E89971FEBED7700D19441 /* LessonRow.swift */ = {isa = PBXFileReference; lastKnownFileType = sourcecode.swift; path = LessonRow.swift; sourceTree = "<group>"; };
		02A389ED20691E9400EAD028 /* RZTransitionsNavigationController.h */ = {isa = PBXFileReference; fileEncoding = 4; lastKnownFileType = sourcecode.c.h; path = RZTransitionsNavigationController.h; sourceTree = "<group>"; };
		02A389EE20691E9400EAD028 /* RZTransitionsNavigationController.m */ = {isa = PBXFileReference; fileEncoding = 4; lastKnownFileType = sourcecode.c.objc; path = RZTransitionsNavigationController.m; sourceTree = "<group>"; };
		02A389F020691E9400EAD028 /* RZTransitionAction.h */ = {isa = PBXFileReference; fileEncoding = 4; lastKnownFileType = sourcecode.c.h; path = RZTransitionAction.h; sourceTree = "<group>"; };
		02A389F120691E9400EAD028 /* RZUniqueTransition.h */ = {isa = PBXFileReference; fileEncoding = 4; lastKnownFileType = sourcecode.c.h; path = RZUniqueTransition.h; sourceTree = "<group>"; };
		02A389F220691E9400EAD028 /* RZUniqueTransition.m */ = {isa = PBXFileReference; fileEncoding = 4; lastKnownFileType = sourcecode.c.objc; path = RZUniqueTransition.m; sourceTree = "<group>"; };
		02A389F420691E9400EAD028 /* RZBaseSwipeInteractionController.h */ = {isa = PBXFileReference; fileEncoding = 4; lastKnownFileType = sourcecode.c.h; path = RZBaseSwipeInteractionController.h; sourceTree = "<group>"; };
		02A389F520691E9400EAD028 /* RZBaseSwipeInteractionController.m */ = {isa = PBXFileReference; fileEncoding = 4; lastKnownFileType = sourcecode.c.objc; path = RZBaseSwipeInteractionController.m; sourceTree = "<group>"; };
		02A389F620691E9400EAD028 /* RZHorizontalInteractionController.h */ = {isa = PBXFileReference; fileEncoding = 4; lastKnownFileType = sourcecode.c.h; path = RZHorizontalInteractionController.h; sourceTree = "<group>"; };
		02A389F720691E9400EAD028 /* RZHorizontalInteractionController.m */ = {isa = PBXFileReference; fileEncoding = 4; lastKnownFileType = sourcecode.c.objc; path = RZHorizontalInteractionController.m; sourceTree = "<group>"; };
		02A389F820691E9400EAD028 /* RZOverscrollInteractionController.h */ = {isa = PBXFileReference; fileEncoding = 4; lastKnownFileType = sourcecode.c.h; path = RZOverscrollInteractionController.h; sourceTree = "<group>"; };
		02A389F920691E9400EAD028 /* RZOverscrollInteractionController.m */ = {isa = PBXFileReference; fileEncoding = 4; lastKnownFileType = sourcecode.c.objc; path = RZOverscrollInteractionController.m; sourceTree = "<group>"; };
		02A389FA20691E9400EAD028 /* RZPinchInteractionController.h */ = {isa = PBXFileReference; fileEncoding = 4; lastKnownFileType = sourcecode.c.h; path = RZPinchInteractionController.h; sourceTree = "<group>"; };
		02A389FB20691E9400EAD028 /* RZPinchInteractionController.m */ = {isa = PBXFileReference; fileEncoding = 4; lastKnownFileType = sourcecode.c.objc; path = RZPinchInteractionController.m; sourceTree = "<group>"; };
		02A389FC20691E9400EAD028 /* RZTransitionInteractionControllerProtocol.h */ = {isa = PBXFileReference; fileEncoding = 4; lastKnownFileType = sourcecode.c.h; path = RZTransitionInteractionControllerProtocol.h; sourceTree = "<group>"; };
		02A389FD20691E9400EAD028 /* RZTransitionsInteractionControllers.h */ = {isa = PBXFileReference; fileEncoding = 4; lastKnownFileType = sourcecode.c.h; path = RZTransitionsInteractionControllers.h; sourceTree = "<group>"; };
		02A389FE20691E9400EAD028 /* RZVerticalSwipeInteractionController.h */ = {isa = PBXFileReference; fileEncoding = 4; lastKnownFileType = sourcecode.c.h; path = RZVerticalSwipeInteractionController.h; sourceTree = "<group>"; };
		02A389FF20691E9400EAD028 /* RZVerticalSwipeInteractionController.m */ = {isa = PBXFileReference; fileEncoding = 4; lastKnownFileType = sourcecode.c.objc; path = RZVerticalSwipeInteractionController.m; sourceTree = "<group>"; };
		02A38A0120691E9400EAD028 /* RZTransitionsManager.h */ = {isa = PBXFileReference; fileEncoding = 4; lastKnownFileType = sourcecode.c.h; path = RZTransitionsManager.h; sourceTree = "<group>"; };
		02A38A0220691E9400EAD028 /* RZTransitionsManager.m */ = {isa = PBXFileReference; fileEncoding = 4; lastKnownFileType = sourcecode.c.objc; path = RZTransitionsManager.m; sourceTree = "<group>"; };
		02A38A0320691E9400EAD028 /* RZTransitions.h */ = {isa = PBXFileReference; fileEncoding = 4; lastKnownFileType = sourcecode.c.h; path = RZTransitions.h; sourceTree = "<group>"; };
		02A38A0520691E9400EAD028 /* RZAnimationControllerProtocol.h */ = {isa = PBXFileReference; fileEncoding = 4; lastKnownFileType = sourcecode.c.h; path = RZAnimationControllerProtocol.h; sourceTree = "<group>"; };
		02A38A0620691E9400EAD028 /* RZCardSlideAnimationController.h */ = {isa = PBXFileReference; fileEncoding = 4; lastKnownFileType = sourcecode.c.h; path = RZCardSlideAnimationController.h; sourceTree = "<group>"; };
		02A38A0720691E9400EAD028 /* RZCardSlideAnimationController.m */ = {isa = PBXFileReference; fileEncoding = 4; lastKnownFileType = sourcecode.c.objc; path = RZCardSlideAnimationController.m; sourceTree = "<group>"; };
		02A38A0820691E9400EAD028 /* RZCirclePushAnimationController.h */ = {isa = PBXFileReference; fileEncoding = 4; lastKnownFileType = sourcecode.c.h; path = RZCirclePushAnimationController.h; sourceTree = "<group>"; };
		02A38A0920691E9400EAD028 /* RZCirclePushAnimationController.m */ = {isa = PBXFileReference; fileEncoding = 4; lastKnownFileType = sourcecode.c.objc; path = RZCirclePushAnimationController.m; sourceTree = "<group>"; };
		02A38A0A20691E9400EAD028 /* RZRectZoomAnimationController.h */ = {isa = PBXFileReference; fileEncoding = 4; lastKnownFileType = sourcecode.c.h; path = RZRectZoomAnimationController.h; sourceTree = "<group>"; };
		02A38A0B20691E9400EAD028 /* RZRectZoomAnimationController.m */ = {isa = PBXFileReference; fileEncoding = 4; lastKnownFileType = sourcecode.c.objc; path = RZRectZoomAnimationController.m; sourceTree = "<group>"; };
		02A38A0C20691E9400EAD028 /* RZSegmentControlMoveFadeAnimationController.h */ = {isa = PBXFileReference; fileEncoding = 4; lastKnownFileType = sourcecode.c.h; path = RZSegmentControlMoveFadeAnimationController.h; sourceTree = "<group>"; };
		02A38A0D20691E9400EAD028 /* RZSegmentControlMoveFadeAnimationController.m */ = {isa = PBXFileReference; fileEncoding = 4; lastKnownFileType = sourcecode.c.objc; path = RZSegmentControlMoveFadeAnimationController.m; sourceTree = "<group>"; };
		02A38A0E20691E9400EAD028 /* RZShrinkZoomAnimationController.h */ = {isa = PBXFileReference; fileEncoding = 4; lastKnownFileType = sourcecode.c.h; path = RZShrinkZoomAnimationController.h; sourceTree = "<group>"; };
		02A38A0F20691E9400EAD028 /* RZShrinkZoomAnimationController.m */ = {isa = PBXFileReference; fileEncoding = 4; lastKnownFileType = sourcecode.c.objc; path = RZShrinkZoomAnimationController.m; sourceTree = "<group>"; };
		02A38A1020691E9400EAD028 /* RZTransitionsAnimationControllers.h */ = {isa = PBXFileReference; fileEncoding = 4; lastKnownFileType = sourcecode.c.h; path = RZTransitionsAnimationControllers.h; sourceTree = "<group>"; };
		02A38A1120691E9400EAD028 /* RZZoomAlphaAnimationController.h */ = {isa = PBXFileReference; fileEncoding = 4; lastKnownFileType = sourcecode.c.h; path = RZZoomAlphaAnimationController.h; sourceTree = "<group>"; };
		02A38A1220691E9400EAD028 /* RZZoomAlphaAnimationController.m */ = {isa = PBXFileReference; fileEncoding = 4; lastKnownFileType = sourcecode.c.objc; path = RZZoomAlphaAnimationController.m; sourceTree = "<group>"; };
		02A38A1320691E9400EAD028 /* RZZoomBlurAnimationController.h */ = {isa = PBXFileReference; fileEncoding = 4; lastKnownFileType = sourcecode.c.h; path = RZZoomBlurAnimationController.h; sourceTree = "<group>"; };
		02A38A1420691E9400EAD028 /* RZZoomBlurAnimationController.m */ = {isa = PBXFileReference; fileEncoding = 4; lastKnownFileType = sourcecode.c.objc; path = RZZoomBlurAnimationController.m; sourceTree = "<group>"; };
		02A38A1520691E9400EAD028 /* RZZoomPushAnimationController.h */ = {isa = PBXFileReference; fileEncoding = 4; lastKnownFileType = sourcecode.c.h; path = RZZoomPushAnimationController.h; sourceTree = "<group>"; };
		02A38A1620691E9400EAD028 /* RZZoomPushAnimationController.m */ = {isa = PBXFileReference; fileEncoding = 4; lastKnownFileType = sourcecode.c.objc; path = RZZoomPushAnimationController.m; sourceTree = "<group>"; };
		02A38A1820691E9400EAD028 /* NSObject+RZTransitionsViewHelpers.h */ = {isa = PBXFileReference; fileEncoding = 4; lastKnownFileType = sourcecode.c.h; path = "NSObject+RZTransitionsViewHelpers.h"; sourceTree = "<group>"; };
		02A38A1920691E9400EAD028 /* NSObject+RZTransitionsViewHelpers.m */ = {isa = PBXFileReference; fileEncoding = 4; lastKnownFileType = sourcecode.c.objc; path = "NSObject+RZTransitionsViewHelpers.m"; sourceTree = "<group>"; };
		02A38A1A20691E9400EAD028 /* UIImage+RZTransitionsFastImageBlur.h */ = {isa = PBXFileReference; fileEncoding = 4; lastKnownFileType = sourcecode.c.h; path = "UIImage+RZTransitionsFastImageBlur.h"; sourceTree = "<group>"; };
		02A38A1B20691E9400EAD028 /* UIImage+RZTransitionsFastImageBlur.m */ = {isa = PBXFileReference; fileEncoding = 4; lastKnownFileType = sourcecode.c.objc; path = "UIImage+RZTransitionsFastImageBlur.m"; sourceTree = "<group>"; };
		02A38A1C20691E9400EAD028 /* UIImage+RZTransitionsSnapshotHelpers.h */ = {isa = PBXFileReference; fileEncoding = 4; lastKnownFileType = sourcecode.c.h; path = "UIImage+RZTransitionsSnapshotHelpers.h"; sourceTree = "<group>"; };
		02A38A1D20691E9400EAD028 /* UIImage+RZTransitionsSnapshotHelpers.m */ = {isa = PBXFileReference; fileEncoding = 4; lastKnownFileType = sourcecode.c.objc; path = "UIImage+RZTransitionsSnapshotHelpers.m"; sourceTree = "<group>"; };
		02A38A312069207B00EAD028 /* Digipet-Bridging-Header.h */ = {isa = PBXFileReference; lastKnownFileType = sourcecode.c.h; path = "Digipet-Bridging-Header.h"; sourceTree = "<group>"; };
		02A399ED204EC63500C386CC /* LessonTableViewCell.swift */ = {isa = PBXFileReference; lastKnownFileType = sourcecode.swift; path = LessonTableViewCell.swift; sourceTree = "<group>"; };
		02A399EF204ED26B00C386CC /* Lesson.swift */ = {isa = PBXFileReference; lastKnownFileType = sourcecode.swift; path = Lesson.swift; sourceTree = "<group>"; };
		02B4A8F0204A3402002E2EE7 /* LevelVC.swift */ = {isa = PBXFileReference; lastKnownFileType = sourcecode.swift; path = LevelVC.swift; sourceTree = "<group>"; };
		02E805271F9E18D4003D1C73 /* GameScene.swift */ = {isa = PBXFileReference; lastKnownFileType = sourcecode.swift; path = GameScene.swift; sourceTree = "<group>"; };
		02E8052C1F9F69D4003D1C73 /* LearnPage.sks */ = {isa = PBXFileReference; lastKnownFileType = file.sks; path = LearnPage.sks; sourceTree = "<group>"; };
		02E8052E1F9F69E9003D1C73 /* SettingsPage.sks */ = {isa = PBXFileReference; lastKnownFileType = file.sks; path = SettingsPage.sks; sourceTree = "<group>"; };
		02F3CE9E201B6B0A008A7FA6 /* LessonInfoBox.swift */ = {isa = PBXFileReference; lastKnownFileType = sourcecode.swift; path = LessonInfoBox.swift; sourceTree = "<group>"; };
		6AC890452028B63500BEB0A5 /* MainScreen.swift */ = {isa = PBXFileReference; lastKnownFileType = sourcecode.swift; path = MainScreen.swift; sourceTree = "<group>"; };
		6ADF10C820293A0500B34B6B /* VoiceRecognition.swift */ = {isa = PBXFileReference; fileEncoding = 4; lastKnownFileType = sourcecode.swift; path = VoiceRecognition.swift; sourceTree = "<group>"; };
		7E090C431FBF21CA001B0D1C /* L1LessonOne.swift */ = {isa = PBXFileReference; lastKnownFileType = sourcecode.swift; path = L1LessonOne.swift; sourceTree = "<group>"; };
		7E090C451FBF21D6001B0D1C /* L1LessonOne.sks */ = {isa = PBXFileReference; lastKnownFileType = file.sks; path = L1LessonOne.sks; sourceTree = "<group>"; };
		7E6F7098201B6308002C9389 /* L1LessonTwo.sks */ = {isa = PBXFileReference; lastKnownFileType = file.sks; path = L1LessonTwo.sks; sourceTree = "<group>"; };
		7E6F709A201B631A002C9389 /* L1LessonTwo.swift */ = {isa = PBXFileReference; lastKnownFileType = sourcecode.swift; path = L1LessonTwo.swift; sourceTree = "<group>"; };
		7E922A8C205801D0004910BF /* NewL1LessonOne.swift */ = {isa = PBXFileReference; lastKnownFileType = sourcecode.swift; path = NewL1LessonOne.swift; sourceTree = "<group>"; };
/* End PBXFileReference section */

/* Begin PBXFrameworksBuildPhase section */
		022C68FF1F82650E0034833D /* Frameworks */ = {
			isa = PBXFrameworksBuildPhase;
			buildActionMask = 2147483647;
			files = (
			);
			runOnlyForDeploymentPostprocessing = 0;
		};
		022C69191F82650E0034833D /* Frameworks */ = {
			isa = PBXFrameworksBuildPhase;
			buildActionMask = 2147483647;
			files = (
			);
			runOnlyForDeploymentPostprocessing = 0;
		};
		022C69241F82650E0034833D /* Frameworks */ = {
			isa = PBXFrameworksBuildPhase;
			buildActionMask = 2147483647;
			files = (
			);
			runOnlyForDeploymentPostprocessing = 0;
		};
/* End PBXFrameworksBuildPhase section */

/* Begin PBXGroup section */
		022C68F91F82650E0034833D = {
			isa = PBXGroup;
			children = (
				022C69041F82650E0034833D /* Digipet */,
				022C691F1F82650E0034833D /* DigipetTests */,
				022C692A1F82650E0034833D /* DigipetUITests */,
				022C69031F82650E0034833D /* Products */,
			);
			sourceTree = "<group>";
		};
		022C69031F82650E0034833D /* Products */ = {
			isa = PBXGroup;
			children = (
				022C69021F82650E0034833D /* Digipet.app */,
				022C691C1F82650E0034833D /* DigipetTests.xctest */,
				022C69271F82650E0034833D /* DigipetUITests.xctest */,
			);
			name = Products;
			sourceTree = "<group>";
		};
		022C69041F82650E0034833D /* Digipet */ = {
			isa = PBXGroup;
			children = (
				02A38A312069207B00EAD028 /* Digipet-Bridging-Header.h */,
				02A389EB20691E9400EAD028 /* RZTransitions */,
				6ADF10C820293A0500B34B6B /* VoiceRecognition.swift */,
				02E805291F9F6926003D1C73 /* Scenes */,
				022C69051F82650E0034833D /* AppDelegate.swift */,
				7E922A8C205801D0004910BF /* NewL1LessonOne.swift */,
				022C69091F82650E0034833D /* Actions.sks */,
				022C690D1F82650E0034833D /* GameViewController.swift */,
				6AC890452028B63500BEB0A5 /* MainScreen.swift */,
				02B4A8F0204A3402002E2EE7 /* LevelVC.swift */,
				02A399ED204EC63500C386CC /* LessonTableViewCell.swift */,
				022C690F1F82650E0034833D /* Main.storyboard */,
				0270E887205063250053C4CE /* LessonStart.swift */,
				02359C8F2048376D00DA5BA4 /* Learn.swift */,
				022C69121F82650E0034833D /* Assets.xcassets */,
				02A399EF204ED26B00C386CC /* Lesson.swift */,
				022C69141F82650E0034833D /* LaunchScreen.storyboard */,
				022C69171F82650E0034833D /* Info.plist */,
				0273EB5B204F3A4B00C94154 /* LessonTableViewController.swift */,
				0209CA4D1FD5880300DDC91A /* SwiftySKScrollView.swift */,
				028E89971FEBED7700D19441 /* LessonRow.swift */,
				02867B4C2004F9870004B635 /* LessonStartBox.swift */,
				02F3CE9E201B6B0A008A7FA6 /* LessonInfoBox.swift */,
			);
			path = Digipet;
			sourceTree = "<group>";
		};
		022C691F1F82650E0034833D /* DigipetTests */ = {
			isa = PBXGroup;
			children = (
				022C69201F82650E0034833D /* DigipetTests.swift */,
				022C69221F82650E0034833D /* Info.plist */,
			);
			path = DigipetTests;
			sourceTree = "<group>";
		};
		022C692A1F82650E0034833D /* DigipetUITests */ = {
			isa = PBXGroup;
			children = (
				022C692B1F82650E0034833D /* DigipetUITests.swift */,
				022C692D1F82650E0034833D /* Info.plist */,
			);
			path = DigipetUITests;
			sourceTree = "<group>";
		};
		02A389EB20691E9400EAD028 /* RZTransitions */ = {
			isa = PBXGroup;
			children = (
				02A389EC20691E9400EAD028 /* Components */,
				02A389EF20691E9400EAD028 /* Data */,
				02A389F320691E9400EAD028 /* Interactors */,
				02A38A0020691E9400EAD028 /* Managers */,
				02A38A0320691E9400EAD028 /* RZTransitions.h */,
				02A38A0420691E9400EAD028 /* Transitions */,
				02A38A1720691E9400EAD028 /* Utilities */,
			);
			path = RZTransitions;
			sourceTree = "<group>";
		};
		02A389EC20691E9400EAD028 /* Components */ = {
			isa = PBXGroup;
			children = (
				02A389ED20691E9400EAD028 /* RZTransitionsNavigationController.h */,
				02A389EE20691E9400EAD028 /* RZTransitionsNavigationController.m */,
			);
			path = Components;
			sourceTree = "<group>";
		};
		02A389EF20691E9400EAD028 /* Data */ = {
			isa = PBXGroup;
			children = (
				02A389F020691E9400EAD028 /* RZTransitionAction.h */,
				02A389F120691E9400EAD028 /* RZUniqueTransition.h */,
				02A389F220691E9400EAD028 /* RZUniqueTransition.m */,
			);
			path = Data;
			sourceTree = "<group>";
		};
		02A389F320691E9400EAD028 /* Interactors */ = {
			isa = PBXGroup;
			children = (
				02A389F420691E9400EAD028 /* RZBaseSwipeInteractionController.h */,
				02A389F520691E9400EAD028 /* RZBaseSwipeInteractionController.m */,
				02A389F620691E9400EAD028 /* RZHorizontalInteractionController.h */,
				02A389F720691E9400EAD028 /* RZHorizontalInteractionController.m */,
				02A389F820691E9400EAD028 /* RZOverscrollInteractionController.h */,
				02A389F920691E9400EAD028 /* RZOverscrollInteractionController.m */,
				02A389FA20691E9400EAD028 /* RZPinchInteractionController.h */,
				02A389FB20691E9400EAD028 /* RZPinchInteractionController.m */,
				02A389FC20691E9400EAD028 /* RZTransitionInteractionControllerProtocol.h */,
				02A389FD20691E9400EAD028 /* RZTransitionsInteractionControllers.h */,
				02A389FE20691E9400EAD028 /* RZVerticalSwipeInteractionController.h */,
				02A389FF20691E9400EAD028 /* RZVerticalSwipeInteractionController.m */,
			);
			path = Interactors;
			sourceTree = "<group>";
		};
		02A38A0020691E9400EAD028 /* Managers */ = {
			isa = PBXGroup;
			children = (
				02A38A0120691E9400EAD028 /* RZTransitionsManager.h */,
				02A38A0220691E9400EAD028 /* RZTransitionsManager.m */,
			);
			path = Managers;
			sourceTree = "<group>";
		};
		02A38A0420691E9400EAD028 /* Transitions */ = {
			isa = PBXGroup;
			children = (
				02A38A0520691E9400EAD028 /* RZAnimationControllerProtocol.h */,
				02A38A0620691E9400EAD028 /* RZCardSlideAnimationController.h */,
				02A38A0720691E9400EAD028 /* RZCardSlideAnimationController.m */,
				02A38A0820691E9400EAD028 /* RZCirclePushAnimationController.h */,
				02A38A0920691E9400EAD028 /* RZCirclePushAnimationController.m */,
				02A38A0A20691E9400EAD028 /* RZRectZoomAnimationController.h */,
				02A38A0B20691E9400EAD028 /* RZRectZoomAnimationController.m */,
				02A38A0C20691E9400EAD028 /* RZSegmentControlMoveFadeAnimationController.h */,
				02A38A0D20691E9400EAD028 /* RZSegmentControlMoveFadeAnimationController.m */,
				02A38A0E20691E9400EAD028 /* RZShrinkZoomAnimationController.h */,
				02A38A0F20691E9400EAD028 /* RZShrinkZoomAnimationController.m */,
				02A38A1020691E9400EAD028 /* RZTransitionsAnimationControllers.h */,
				02A38A1120691E9400EAD028 /* RZZoomAlphaAnimationController.h */,
				02A38A1220691E9400EAD028 /* RZZoomAlphaAnimationController.m */,
				02A38A1320691E9400EAD028 /* RZZoomBlurAnimationController.h */,
				02A38A1420691E9400EAD028 /* RZZoomBlurAnimationController.m */,
				02A38A1520691E9400EAD028 /* RZZoomPushAnimationController.h */,
				02A38A1620691E9400EAD028 /* RZZoomPushAnimationController.m */,
			);
			path = Transitions;
			sourceTree = "<group>";
		};
		02A38A1720691E9400EAD028 /* Utilities */ = {
			isa = PBXGroup;
			children = (
				02A38A1820691E9400EAD028 /* NSObject+RZTransitionsViewHelpers.h */,
				02A38A1920691E9400EAD028 /* NSObject+RZTransitionsViewHelpers.m */,
				02A38A1A20691E9400EAD028 /* UIImage+RZTransitionsFastImageBlur.h */,
				02A38A1B20691E9400EAD028 /* UIImage+RZTransitionsFastImageBlur.m */,
				02A38A1C20691E9400EAD028 /* UIImage+RZTransitionsSnapshotHelpers.h */,
				02A38A1D20691E9400EAD028 /* UIImage+RZTransitionsSnapshotHelpers.m */,
			);
			path = Utilities;
			sourceTree = "<group>";
		};
		02E805291F9F6926003D1C73 /* Scenes */ = {
			isa = PBXGroup;
			children = (
				0272AD981FAB49A700706CDE /* Plumpfull.ttf */,
				022C69071F82650E0034833D /* GameScene.sks */,
				02E805271F9E18D4003D1C73 /* GameScene.swift */,
				7E090C451FBF21D6001B0D1C /* L1LessonOne.sks */,
				7E090C431FBF21CA001B0D1C /* L1LessonOne.swift */,
				7E6F7098201B6308002C9389 /* L1LessonTwo.sks */,
				7E6F709A201B631A002C9389 /* L1LessonTwo.swift */,
				02E8052C1F9F69D4003D1C73 /* LearnPage.sks */,
				02395D8E2024A29C00602AE9 /* PlayPage.sks */,
				0222C1DD1FB09B7600CA8D29 /* LearnPage.swift */,
				02E8052E1F9F69E9003D1C73 /* SettingsPage.sks */,
				0255950920079E6E0008DB37 /* StartLevelOneLessonOne.swift */,
				022804ED1FBF19650087F8B3 /* LevelOne.sks */,
				022804EF1FBF19950087F8B3 /* LevelOne.swift */,
				022881F5200E392D00BF055F /* StartLevelOneLessonOne.sks */,
				02395D8A2024A1E900602AE9 /* PlayPage.swift */,
				02395D902024A46700602AE9 /* PlayLevelOne.swift */,
				02395D922024A47800602AE9 /* PlayLevelOne.sks */,
			);
			path = Scenes;
			sourceTree = "<group>";
		};
/* End PBXGroup section */

/* Begin PBXNativeTarget section */
		022C69011F82650E0034833D /* Digipet */ = {
			isa = PBXNativeTarget;
			buildConfigurationList = 022C69301F82650E0034833D /* Build configuration list for PBXNativeTarget "Digipet" */;
			buildPhases = (
				022C68FE1F82650E0034833D /* Sources */,
				022C68FF1F82650E0034833D /* Frameworks */,
				022C69001F82650E0034833D /* Resources */,
			);
			buildRules = (
			);
			dependencies = (
			);
			name = Digipet;
			productName = Digipet;
			productReference = 022C69021F82650E0034833D /* Digipet.app */;
			productType = "com.apple.product-type.application";
		};
		022C691B1F82650E0034833D /* DigipetTests */ = {
			isa = PBXNativeTarget;
			buildConfigurationList = 022C69331F82650E0034833D /* Build configuration list for PBXNativeTarget "DigipetTests" */;
			buildPhases = (
				022C69181F82650E0034833D /* Sources */,
				022C69191F82650E0034833D /* Frameworks */,
				022C691A1F82650E0034833D /* Resources */,
			);
			buildRules = (
			);
			dependencies = (
				022C691E1F82650E0034833D /* PBXTargetDependency */,
			);
			name = DigipetTests;
			productName = DigipetTests;
			productReference = 022C691C1F82650E0034833D /* DigipetTests.xctest */;
			productType = "com.apple.product-type.bundle.unit-test";
		};
		022C69261F82650E0034833D /* DigipetUITests */ = {
			isa = PBXNativeTarget;
			buildConfigurationList = 022C69361F82650E0034833D /* Build configuration list for PBXNativeTarget "DigipetUITests" */;
			buildPhases = (
				022C69231F82650E0034833D /* Sources */,
				022C69241F82650E0034833D /* Frameworks */,
				022C69251F82650E0034833D /* Resources */,
			);
			buildRules = (
			);
			dependencies = (
				022C69291F82650E0034833D /* PBXTargetDependency */,
			);
			name = DigipetUITests;
			productName = DigipetUITests;
			productReference = 022C69271F82650E0034833D /* DigipetUITests.xctest */;
			productType = "com.apple.product-type.bundle.ui-testing";
		};
/* End PBXNativeTarget section */

/* Begin PBXProject section */
		022C68FA1F82650E0034833D /* Project object */ = {
			isa = PBXProject;
			attributes = {
				LastSwiftUpdateCheck = 0900;
				LastUpgradeCheck = 0900;
				ORGANIZATIONNAME = "Katie Katz";
				TargetAttributes = {
					022C69011F82650E0034833D = {
						CreatedOnToolsVersion = 9.0;
						LastSwiftMigration = 0920;
						ProvisioningStyle = Automatic;
					};
					022C691B1F82650E0034833D = {
						CreatedOnToolsVersion = 9.0;
						ProvisioningStyle = Automatic;
						TestTargetID = 022C69011F82650E0034833D;
					};
					022C69261F82650E0034833D = {
						CreatedOnToolsVersion = 9.0;
						ProvisioningStyle = Automatic;
						TestTargetID = 022C69011F82650E0034833D;
					};
				};
			};
			buildConfigurationList = 022C68FD1F82650E0034833D /* Build configuration list for PBXProject "Digipet" */;
			compatibilityVersion = "Xcode 8.0";
			developmentRegion = en;
			hasScannedForEncodings = 0;
			knownRegions = (
				en,
				Base,
			);
			mainGroup = 022C68F91F82650E0034833D;
			productRefGroup = 022C69031F82650E0034833D /* Products */;
			projectDirPath = "";
			projectRoot = "";
			targets = (
				022C69011F82650E0034833D /* Digipet */,
				022C691B1F82650E0034833D /* DigipetTests */,
				022C69261F82650E0034833D /* DigipetUITests */,
			);
		};
/* End PBXProject section */

/* Begin PBXResourcesBuildPhase section */
		022C69001F82650E0034833D /* Resources */ = {
			isa = PBXResourcesBuildPhase;
			buildActionMask = 2147483647;
			files = (
				7E090C461FBF21D6001B0D1C /* L1LessonOne.sks in Resources */,
				02E8052F1F9F69E9003D1C73 /* SettingsPage.sks in Resources */,
				022C69111F82650E0034833D /* Main.storyboard in Resources */,
				022881F6200E392D00BF055F /* StartLevelOneLessonOne.sks in Resources */,
				022C69081F82650E0034833D /* GameScene.sks in Resources */,
				02E8052D1F9F69D4003D1C73 /* LearnPage.sks in Resources */,
				7E6F7099201B6308002C9389 /* L1LessonTwo.sks in Resources */,
				022804EE1FBF19650087F8B3 /* LevelOne.sks in Resources */,
				022C69131F82650E0034833D /* Assets.xcassets in Resources */,
				022C69161F82650E0034833D /* LaunchScreen.storyboard in Resources */,
				0272AD991FAB49A700706CDE /* Plumpfull.ttf in Resources */,
				02395D8F2024A29C00602AE9 /* PlayPage.sks in Resources */,
				02395D932024A47800602AE9 /* PlayLevelOne.sks in Resources */,
				022C690A1F82650E0034833D /* Actions.sks in Resources */,
			);
			runOnlyForDeploymentPostprocessing = 0;
		};
		022C691A1F82650E0034833D /* Resources */ = {
			isa = PBXResourcesBuildPhase;
			buildActionMask = 2147483647;
			files = (
			);
			runOnlyForDeploymentPostprocessing = 0;
		};
		022C69251F82650E0034833D /* Resources */ = {
			isa = PBXResourcesBuildPhase;
			buildActionMask = 2147483647;
			files = (
			);
			runOnlyForDeploymentPostprocessing = 0;
		};
/* End PBXResourcesBuildPhase section */

/* Begin PBXSourcesBuildPhase section */
		022C68FE1F82650E0034833D /* Sources */ = {
			isa = PBXSourcesBuildPhase;
			buildActionMask = 2147483647;
			files = (
				02A38A2720691E9400EAD028 /* RZCirclePushAnimationController.m in Sources */,
				02395D912024A46700602AE9 /* PlayLevelOne.swift in Sources */,
				0273EB5C204F3A4B00C94154 /* LessonTableViewController.swift in Sources */,
				02867B4D2004F9870004B635 /* LessonStartBox.swift in Sources */,
				022804F01FBF19950087F8B3 /* LevelOne.swift in Sources */,
				02A38A2E20691E9400EAD028 /* NSObject+RZTransitionsViewHelpers.m in Sources */,
				02A38A2120691E9400EAD028 /* RZHorizontalInteractionController.m in Sources */,
				0209CA4E1FD5880300DDC91A /* SwiftySKScrollView.swift in Sources */,
				02A38A2620691E9400EAD028 /* RZCardSlideAnimationController.m in Sources */,
				7E6F709B201B631A002C9389 /* L1LessonTwo.swift in Sources */,
				0255950A20079E6E0008DB37 /* StartLevelOneLessonOne.swift in Sources */,
				02A38A1F20691E9400EAD028 /* RZUniqueTransition.m in Sources */,
				02395D8B2024A1E900602AE9 /* PlayPage.swift in Sources */,
				02A38A1E20691E9400EAD028 /* RZTransitionsNavigationController.m in Sources */,
				022C690E1F82650E0034833D /* GameViewController.swift in Sources */,
				02A399EE204EC63500C386CC /* LessonTableViewCell.swift in Sources */,
				02A38A2D20691E9400EAD028 /* RZZoomPushAnimationController.m in Sources */,
				02A38A2F20691E9400EAD028 /* UIImage+RZTransitionsFastImageBlur.m in Sources */,
				02A399F0204ED26B00C386CC /* Lesson.swift in Sources */,
				02A38A2220691E9400EAD028 /* RZOverscrollInteractionController.m in Sources */,
				02A38A2320691E9400EAD028 /* RZPinchInteractionController.m in Sources */,
				7E090C441FBF21CA001B0D1C /* L1LessonOne.swift in Sources */,
				02359C902048376D00DA5BA4 /* Learn.swift in Sources */,
				02A38A2C20691E9400EAD028 /* RZZoomBlurAnimationController.m in Sources */,
				02A38A2820691E9400EAD028 /* RZRectZoomAnimationController.m in Sources */,
				0270E888205063250053C4CE /* LessonStart.swift in Sources */,
				0222C1DE1FB09B7600CA8D29 /* LearnPage.swift in Sources */,
				02A38A3020691E9400EAD028 /* UIImage+RZTransitionsSnapshotHelpers.m in Sources */,
				6AC890462028B63500BEB0A5 /* MainScreen.swift in Sources */,
				02A38A2A20691E9400EAD028 /* RZShrinkZoomAnimationController.m in Sources */,
				02A38A2420691E9400EAD028 /* RZVerticalSwipeInteractionController.m in Sources */,
				02A38A2520691E9400EAD028 /* RZTransitionsManager.m in Sources */,
				6ADF10C920293A0500B34B6B /* VoiceRecognition.swift in Sources */,
				02A38A2B20691E9400EAD028 /* RZZoomAlphaAnimationController.m in Sources */,
				02A38A2020691E9400EAD028 /* RZBaseSwipeInteractionController.m in Sources */,
				02F3CE9F201B6B0A008A7FA6 /* LessonInfoBox.swift in Sources */,
				02B4A8F1204A3402002E2EE7 /* LevelVC.swift in Sources */,
				022C69061F82650E0034833D /* AppDelegate.swift in Sources */,
				7E922A8D205801D0004910BF /* NewL1LessonOne.swift in Sources */,
				028E89981FEBED7700D19441 /* LessonRow.swift in Sources */,
				02E805281F9E18D4003D1C73 /* GameScene.swift in Sources */,
				02A38A2920691E9400EAD028 /* RZSegmentControlMoveFadeAnimationController.m in Sources */,
			);
			runOnlyForDeploymentPostprocessing = 0;
		};
		022C69181F82650E0034833D /* Sources */ = {
			isa = PBXSourcesBuildPhase;
			buildActionMask = 2147483647;
			files = (
				022C69211F82650E0034833D /* DigipetTests.swift in Sources */,
			);
			runOnlyForDeploymentPostprocessing = 0;
		};
		022C69231F82650E0034833D /* Sources */ = {
			isa = PBXSourcesBuildPhase;
			buildActionMask = 2147483647;
			files = (
				022C692C1F82650E0034833D /* DigipetUITests.swift in Sources */,
			);
			runOnlyForDeploymentPostprocessing = 0;
		};
/* End PBXSourcesBuildPhase section */

/* Begin PBXTargetDependency section */
		022C691E1F82650E0034833D /* PBXTargetDependency */ = {
			isa = PBXTargetDependency;
			target = 022C69011F82650E0034833D /* Digipet */;
			targetProxy = 022C691D1F82650E0034833D /* PBXContainerItemProxy */;
		};
		022C69291F82650E0034833D /* PBXTargetDependency */ = {
			isa = PBXTargetDependency;
			target = 022C69011F82650E0034833D /* Digipet */;
			targetProxy = 022C69281F82650E0034833D /* PBXContainerItemProxy */;
		};
/* End PBXTargetDependency section */

/* Begin PBXVariantGroup section */
		022C690F1F82650E0034833D /* Main.storyboard */ = {
			isa = PBXVariantGroup;
			children = (
				022C69101F82650E0034833D /* Base */,
			);
			name = Main.storyboard;
			sourceTree = "<group>";
		};
		022C69141F82650E0034833D /* LaunchScreen.storyboard */ = {
			isa = PBXVariantGroup;
			children = (
				022C69151F82650E0034833D /* Base */,
			);
			name = LaunchScreen.storyboard;
			sourceTree = "<group>";
		};
/* End PBXVariantGroup section */

/* Begin XCBuildConfiguration section */
		022C692E1F82650E0034833D /* Debug */ = {
			isa = XCBuildConfiguration;
			buildSettings = {
				ALWAYS_SEARCH_USER_PATHS = NO;
				CLANG_ANALYZER_NONNULL = YES;
				CLANG_ANALYZER_NUMBER_OBJECT_CONVERSION = YES_AGGRESSIVE;
				CLANG_CXX_LANGUAGE_STANDARD = "gnu++14";
				CLANG_CXX_LIBRARY = "libc++";
				CLANG_ENABLE_MODULES = YES;
				CLANG_ENABLE_OBJC_ARC = YES;
				CLANG_WARN_BLOCK_CAPTURE_AUTORELEASING = YES;
				CLANG_WARN_BOOL_CONVERSION = YES;
				CLANG_WARN_COMMA = YES;
				CLANG_WARN_CONSTANT_CONVERSION = YES;
				CLANG_WARN_DIRECT_OBJC_ISA_USAGE = YES_ERROR;
				CLANG_WARN_DOCUMENTATION_COMMENTS = YES;
				CLANG_WARN_EMPTY_BODY = YES;
				CLANG_WARN_ENUM_CONVERSION = YES;
				CLANG_WARN_INFINITE_RECURSION = YES;
				CLANG_WARN_INT_CONVERSION = YES;
				CLANG_WARN_NON_LITERAL_NULL_CONVERSION = YES;
				CLANG_WARN_OBJC_LITERAL_CONVERSION = YES;
				CLANG_WARN_OBJC_ROOT_CLASS = YES_ERROR;
				CLANG_WARN_RANGE_LOOP_ANALYSIS = YES;
				CLANG_WARN_STRICT_PROTOTYPES = YES;
				CLANG_WARN_SUSPICIOUS_MOVE = YES;
				CLANG_WARN_UNGUARDED_AVAILABILITY = YES_AGGRESSIVE;
				CLANG_WARN_UNREACHABLE_CODE = YES;
				CLANG_WARN__DUPLICATE_METHOD_MATCH = YES;
				CODE_SIGN_IDENTITY = "iPhone Developer";
				COPY_PHASE_STRIP = NO;
				DEBUG_INFORMATION_FORMAT = dwarf;
				ENABLE_STRICT_OBJC_MSGSEND = YES;
				ENABLE_TESTABILITY = YES;
				GCC_C_LANGUAGE_STANDARD = gnu11;
				GCC_DYNAMIC_NO_PIC = NO;
				GCC_NO_COMMON_BLOCKS = YES;
				GCC_OPTIMIZATION_LEVEL = 0;
				GCC_PREPROCESSOR_DEFINITIONS = (
					"DEBUG=1",
					"$(inherited)",
				);
				GCC_WARN_64_TO_32_BIT_CONVERSION = YES;
				GCC_WARN_ABOUT_RETURN_TYPE = YES_ERROR;
				GCC_WARN_UNDECLARED_SELECTOR = YES;
				GCC_WARN_UNINITIALIZED_AUTOS = YES_AGGRESSIVE;
				GCC_WARN_UNUSED_FUNCTION = YES;
				GCC_WARN_UNUSED_VARIABLE = YES;
				IPHONEOS_DEPLOYMENT_TARGET = 11.0;
				MTL_ENABLE_DEBUG_INFO = YES;
				ONLY_ACTIVE_ARCH = YES;
				SDKROOT = iphoneos;
				SWIFT_ACTIVE_COMPILATION_CONDITIONS = DEBUG;
				SWIFT_OPTIMIZATION_LEVEL = "-Onone";
			};
			name = Debug;
		};
		022C692F1F82650E0034833D /* Release */ = {
			isa = XCBuildConfiguration;
			buildSettings = {
				ALWAYS_SEARCH_USER_PATHS = NO;
				CLANG_ANALYZER_NONNULL = YES;
				CLANG_ANALYZER_NUMBER_OBJECT_CONVERSION = YES_AGGRESSIVE;
				CLANG_CXX_LANGUAGE_STANDARD = "gnu++14";
				CLANG_CXX_LIBRARY = "libc++";
				CLANG_ENABLE_MODULES = YES;
				CLANG_ENABLE_OBJC_ARC = YES;
				CLANG_WARN_BLOCK_CAPTURE_AUTORELEASING = YES;
				CLANG_WARN_BOOL_CONVERSION = YES;
				CLANG_WARN_COMMA = YES;
				CLANG_WARN_CONSTANT_CONVERSION = YES;
				CLANG_WARN_DIRECT_OBJC_ISA_USAGE = YES_ERROR;
				CLANG_WARN_DOCUMENTATION_COMMENTS = YES;
				CLANG_WARN_EMPTY_BODY = YES;
				CLANG_WARN_ENUM_CONVERSION = YES;
				CLANG_WARN_INFINITE_RECURSION = YES;
				CLANG_WARN_INT_CONVERSION = YES;
				CLANG_WARN_NON_LITERAL_NULL_CONVERSION = YES;
				CLANG_WARN_OBJC_LITERAL_CONVERSION = YES;
				CLANG_WARN_OBJC_ROOT_CLASS = YES_ERROR;
				CLANG_WARN_RANGE_LOOP_ANALYSIS = YES;
				CLANG_WARN_STRICT_PROTOTYPES = YES;
				CLANG_WARN_SUSPICIOUS_MOVE = YES;
				CLANG_WARN_UNGUARDED_AVAILABILITY = YES_AGGRESSIVE;
				CLANG_WARN_UNREACHABLE_CODE = YES;
				CLANG_WARN__DUPLICATE_METHOD_MATCH = YES;
				CODE_SIGN_IDENTITY = "iPhone Developer";
				COPY_PHASE_STRIP = NO;
				DEBUG_INFORMATION_FORMAT = "dwarf-with-dsym";
				ENABLE_NS_ASSERTIONS = NO;
				ENABLE_STRICT_OBJC_MSGSEND = YES;
				GCC_C_LANGUAGE_STANDARD = gnu11;
				GCC_NO_COMMON_BLOCKS = YES;
				GCC_WARN_64_TO_32_BIT_CONVERSION = YES;
				GCC_WARN_ABOUT_RETURN_TYPE = YES_ERROR;
				GCC_WARN_UNDECLARED_SELECTOR = YES;
				GCC_WARN_UNINITIALIZED_AUTOS = YES_AGGRESSIVE;
				GCC_WARN_UNUSED_FUNCTION = YES;
				GCC_WARN_UNUSED_VARIABLE = YES;
				IPHONEOS_DEPLOYMENT_TARGET = 11.0;
				MTL_ENABLE_DEBUG_INFO = NO;
				SDKROOT = iphoneos;
				SWIFT_OPTIMIZATION_LEVEL = "-Owholemodule";
				VALIDATE_PRODUCT = YES;
			};
			name = Release;
		};
		022C69311F82650E0034833D /* Debug */ = {
			isa = XCBuildConfiguration;
			buildSettings = {
				ASSETCATALOG_COMPILER_APPICON_NAME = AppIcon;
				CLANG_ENABLE_MODULES = YES;
				CODE_SIGN_STYLE = Automatic;
				DEVELOPMENT_TEAM = 5S7T9DZY68;
				INFOPLIST_FILE = Digipet/Info.plist;
				IPHONEOS_DEPLOYMENT_TARGET = 10.3;
				LD_RUNPATH_SEARCH_PATHS = "$(inherited) @executable_path/Frameworks";
				PRODUCT_BUNDLE_IDENTIFIER = com.kaitlynkatz.Digipet;
				PRODUCT_NAME = "$(TARGET_NAME)";
				SWIFT_OBJC_BRIDGING_HEADER = "Digipet/Digipet-Bridging-Header.h";
				SWIFT_OPTIMIZATION_LEVEL = "-Onone";
				SWIFT_VERSION = 4.0;
				TARGETED_DEVICE_FAMILY = "1,2";
			};
			name = Debug;
		};
		022C69321F82650E0034833D /* Release */ = {
			isa = XCBuildConfiguration;
			buildSettings = {
				ASSETCATALOG_COMPILER_APPICON_NAME = AppIcon;
				CLANG_ENABLE_MODULES = YES;
				CODE_SIGN_STYLE = Automatic;
				DEVELOPMENT_TEAM = 5S7T9DZY68;
				INFOPLIST_FILE = Digipet/Info.plist;
				IPHONEOS_DEPLOYMENT_TARGET = 10.3;
				LD_RUNPATH_SEARCH_PATHS = "$(inherited) @executable_path/Frameworks";
				PRODUCT_BUNDLE_IDENTIFIER = com.kaitlynkatz.Digipet;
				PRODUCT_NAME = "$(TARGET_NAME)";
				SWIFT_OBJC_BRIDGING_HEADER = "Digipet/Digipet-Bridging-Header.h";
				SWIFT_VERSION = 4.0;
				TARGETED_DEVICE_FAMILY = "1,2";
			};
			name = Release;
		};
		022C69341F82650E0034833D /* Debug */ = {
			isa = XCBuildConfiguration;
			buildSettings = {
				ALWAYS_EMBED_SWIFT_STANDARD_LIBRARIES = YES;
				BUNDLE_LOADER = "$(TEST_HOST)";
				CODE_SIGN_STYLE = Automatic;
				DEVELOPMENT_TEAM = 5S7T9DZY68;
				INFOPLIST_FILE = DigipetTests/Info.plist;
				LD_RUNPATH_SEARCH_PATHS = "$(inherited) @executable_path/Frameworks @loader_path/Frameworks";
				PRODUCT_BUNDLE_IDENTIFIER = com.kaitlynkatz.DigipetTests;
				PRODUCT_NAME = "$(TARGET_NAME)";
				SWIFT_VERSION = 4.0;
				TARGETED_DEVICE_FAMILY = "1,2";
				TEST_HOST = "$(BUILT_PRODUCTS_DIR)/Digipet.app/Digipet";
			};
			name = Debug;
		};
		022C69351F82650E0034833D /* Release */ = {
			isa = XCBuildConfiguration;
			buildSettings = {
				ALWAYS_EMBED_SWIFT_STANDARD_LIBRARIES = YES;
				BUNDLE_LOADER = "$(TEST_HOST)";
				CODE_SIGN_STYLE = Automatic;
				DEVELOPMENT_TEAM = 5S7T9DZY68;
				INFOPLIST_FILE = DigipetTests/Info.plist;
				LD_RUNPATH_SEARCH_PATHS = "$(inherited) @executable_path/Frameworks @loader_path/Frameworks";
				PRODUCT_BUNDLE_IDENTIFIER = com.kaitlynkatz.DigipetTests;
				PRODUCT_NAME = "$(TARGET_NAME)";
				SWIFT_VERSION = 4.0;
				TARGETED_DEVICE_FAMILY = "1,2";
				TEST_HOST = "$(BUILT_PRODUCTS_DIR)/Digipet.app/Digipet";
			};
			name = Release;
		};
		022C69371F82650E0034833D /* Debug */ = {
			isa = XCBuildConfiguration;
			buildSettings = {
				ALWAYS_EMBED_SWIFT_STANDARD_LIBRARIES = YES;
				CODE_SIGN_STYLE = Automatic;
				DEVELOPMENT_TEAM = 5S7T9DZY68;
				INFOPLIST_FILE = DigipetUITests/Info.plist;
				LD_RUNPATH_SEARCH_PATHS = "$(inherited) @executable_path/Frameworks @loader_path/Frameworks";
				PRODUCT_BUNDLE_IDENTIFIER = com.kaitlynkatz.DigipetUITests;
				PRODUCT_NAME = "$(TARGET_NAME)";
				SWIFT_VERSION = 4.0;
				TARGETED_DEVICE_FAMILY = "1,2";
				TEST_TARGET_NAME = Digipet;
			};
			name = Debug;
		};
		022C69381F82650E0034833D /* Release */ = {
			isa = XCBuildConfiguration;
			buildSettings = {
				ALWAYS_EMBED_SWIFT_STANDARD_LIBRARIES = YES;
				CODE_SIGN_STYLE = Automatic;
				DEVELOPMENT_TEAM = 5S7T9DZY68;
				INFOPLIST_FILE = DigipetUITests/Info.plist;
				LD_RUNPATH_SEARCH_PATHS = "$(inherited) @executable_path/Frameworks @loader_path/Frameworks";
				PRODUCT_BUNDLE_IDENTIFIER = com.kaitlynkatz.DigipetUITests;
				PRODUCT_NAME = "$(TARGET_NAME)";
				SWIFT_VERSION = 4.0;
				TARGETED_DEVICE_FAMILY = "1,2";
				TEST_TARGET_NAME = Digipet;
			};
			name = Release;
		};
/* End XCBuildConfiguration section */

/* Begin XCConfigurationList section */
		022C68FD1F82650E0034833D /* Build configuration list for PBXProject "Digipet" */ = {
			isa = XCConfigurationList;
			buildConfigurations = (
				022C692E1F82650E0034833D /* Debug */,
				022C692F1F82650E0034833D /* Release */,
			);
			defaultConfigurationIsVisible = 0;
			defaultConfigurationName = Release;
		};
		022C69301F82650E0034833D /* Build configuration list for PBXNativeTarget "Digipet" */ = {
			isa = XCConfigurationList;
			buildConfigurations = (
				022C69311F82650E0034833D /* Debug */,
				022C69321F82650E0034833D /* Release */,
			);
			defaultConfigurationIsVisible = 0;
			defaultConfigurationName = Release;
		};
		022C69331F82650E0034833D /* Build configuration list for PBXNativeTarget "DigipetTests" */ = {
			isa = XCConfigurationList;
			buildConfigurations = (
				022C69341F82650E0034833D /* Debug */,
				022C69351F82650E0034833D /* Release */,
			);
			defaultConfigurationIsVisible = 0;
			defaultConfigurationName = Release;
		};
		022C69361F82650E0034833D /* Build configuration list for PBXNativeTarget "DigipetUITests" */ = {
			isa = XCConfigurationList;
			buildConfigurations = (
				022C69371F82650E0034833D /* Debug */,
				022C69381F82650E0034833D /* Release */,
			);
			defaultConfigurationIsVisible = 0;
			defaultConfigurationName = Release;
		};
/* End XCConfigurationList section */
	};
	rootObject = 022C68FA1F82650E0034833D /* Project object */;
}
